
Microsoft Visual Studio Solution File, Format Version 12.00
# Visual Studio Version 17
VisualStudioVersion = 17.0.32014.148
MinimumVisualStudioVersion = 10.0.40219.1
Project("{FAE04EC0-301F-11D3-BF4B-00C04F79EFBC}") = "LoopsAndConditionals", "LoopsAndConditionals\LoopsAndConditionals.csproj", "{4DC4AA1E-A065-4DDF-BCE4-D461A3D3E06B}"
EndProject
Project("{FAE04EC0-301F-11D3-BF4B-00C04F79EFBC}") = "W1D4 Class", "W1D4 Class\W1D4 Class.csproj", "{AED20BD6-CFD8-415E-AE41-A29BC32242C1}"
EndProject
Project("{FAE04EC0-301F-11D3-BF4B-00C04F79EFBC}") = "Nascar Challenge", "Nascar Challenge\Nascar Challenge.csproj", "{C2F4C584-3765-4D07-BABE-B2957C01E98D}"
EndProject
Project("{FAE04EC0-301F-11D3-BF4B-00C04F79EFBC}") = "CalculatorChallenge", "CalculatorChallenge\CalculatorChallenge.csproj", "{88243FA0-90E8-4273-8478-1179BF99A996}"
EndProject
Project("{FAE04EC0-301F-11D3-BF4B-00C04F79EFBC}") = "KomodoInsurance", "KomodoInsurance\KomodoInsurance.csproj", "{92BA27F1-FDFF-49E7-8AA0-E5A03B8E1FA2}"
EndProject
Project("{FAE04EC0-301F-11D3-BF4B-00C04F79EFBC}") = "KomodoInsuranceUnitTests", "KomodoInsuranceUnitTests\KomodoInsuranceUnitTests.csproj", "{17DEB92C-BFEC-42FB-8325-06EA3C2140DF}"
EndProject
Project("{FAE04EC0-301F-11D3-BF4B-00C04F79EFBC}") = "BakerStreetBakery", "BakerStreetBakery\BakerStreetBakery.csproj", "{48C51DCF-391C-4D7A-A9B2-61F4531ED7B0}"
EndProject
Project("{FAE04EC0-301F-11D3-BF4B-00C04F79EFBC}") = "BoredAPI", "BoredAPI\BoredAPI.csproj", "{D90F9459-C4AD-439C-B9A8-1401D738A937}"
EndProject
Global
	GlobalSection(SolutionConfigurationPlatforms) = preSolution
		Debug|Any CPU = Debug|Any CPU
		Release|Any CPU = Release|Any CPU
	EndGlobalSection
	GlobalSection(ProjectConfigurationPlatforms) = postSolution
		{4DC4AA1E-A065-4DDF-BCE4-D461A3D3E06B}.Debug|Any CPU.ActiveCfg = Debug|Any CPU
		{4DC4AA1E-A065-4DDF-BCE4-D461A3D3E06B}.Debug|Any CPU.Build.0 = Debug|Any CPU
		{4DC4AA1E-A065-4DDF-BCE4-D461A3D3E06B}.Release|Any CPU.ActiveCfg = Release|Any CPU
		{4DC4AA1E-A065-4DDF-BCE4-D461A3D3E06B}.Release|Any CPU.Build.0 = Release|Any CPU
		{AED20BD6-CFD8-415E-AE41-A29BC32242C1}.Debug|Any CPU.ActiveCfg = Debug|Any CPU
		{AED20BD6-CFD8-415E-AE41-A29BC32242C1}.Debug|Any CPU.Build.0 = Debug|Any CPU
		{AED20BD6-CFD8-415E-AE41-A29BC32242C1}.Release|Any CPU.ActiveCfg = Release|Any CPU
		{AED20BD6-CFD8-415E-AE41-A29BC32242C1}.Release|Any CPU.Build.0 = Release|Any CPU
		{C2F4C584-3765-4D07-BABE-B2957C01E98D}.Debug|Any CPU.ActiveCfg = Debug|Any CPU
		{C2F4C584-3765-4D07-BABE-B2957C01E98D}.Debug|Any CPU.Build.0 = Debug|Any CPU
		{C2F4C584-3765-4D07-BABE-B2957C01E98D}.Release|Any CPU.ActiveCfg = Release|Any CPU
		{C2F4C584-3765-4D07-BABE-B2957C01E98D}.Release|Any CPU.Build.0 = Release|Any CPU
		{88243FA0-90E8-4273-8478-1179BF99A996}.Debug|Any CPU.ActiveCfg = Debug|Any CPU
		{88243FA0-90E8-4273-8478-1179BF99A996}.Debug|Any CPU.Build.0 = Debug|Any CPU
		{88243FA0-90E8-4273-8478-1179BF99A996}.Release|Any CPU.ActiveCfg = Release|Any CPU
		{88243FA0-90E8-4273-8478-1179BF99A996}.Release|Any CPU.Build.0 = Release|Any CPU
		{92BA27F1-FDFF-49E7-8AA0-E5A03B8E1FA2}.Debug|Any CPU.ActiveCfg = Debug|Any CPU
		{92BA27F1-FDFF-49E7-8AA0-E5A03B8E1FA2}.Debug|Any CPU.Build.0 = Debug|Any CPU
		{92BA27F1-FDFF-49E7-8AA0-E5A03B8E1FA2}.Release|Any CPU.ActiveCfg = Release|Any CPU
		{92BA27F1-FDFF-49E7-8AA0-E5A03B8E1FA2}.Release|Any CPU.Build.0 = Release|Any CPU
		{17DEB92C-BFEC-42FB-8325-06EA3C2140DF}.Debug|Any CPU.ActiveCfg = Debug|Any CPU
		{17DEB92C-BFEC-42FB-8325-06EA3C2140DF}.Debug|Any CPU.Build.0 = Debug|Any CPU
		{17DEB92C-BFEC-42FB-8325-06EA3C2140DF}.Release|Any CPU.ActiveCfg = Release|Any CPU
		{17DEB92C-BFEC-42FB-8325-06EA3C2140DF}.Release|Any CPU.Build.0 = Release|Any CPU
		{48C51DCF-391C-4D7A-A9B2-61F4531ED7B0}.Debug|Any CPU.ActiveCfg = Debug|Any CPU
		{48C51DCF-391C-4D7A-A9B2-61F4531ED7B0}.Debug|Any CPU.Build.0 = Debug|Any CPU
		{48C51DCF-391C-4D7A-A9B2-61F4531ED7B0}.Release|Any CPU.ActiveCfg = Release|Any CPU
		{48C51DCF-391C-4D7A-A9B2-61F4531ED7B0}.Release|Any CPU.Build.0 = Release|Any CPU
		{D90F9459-C4AD-439C-B9A8-1401D738A937}.Debug|Any CPU.ActiveCfg = Debug|Any CPU
		{D90F9459-C4AD-439C-B9A8-1401D738A937}.Debug|Any CPU.Build.0 = Debug|Any CPU
		{D90F9459-C4AD-439C-B9A8-1401D738A937}.Release|Any CPU.ActiveCfg = Release|Any CPU
		{D90F9459-C4AD-439C-B9A8-1401D738A937}.Release|Any CPU.Build.0 = Release|Any CPU
	EndGlobalSection
	GlobalSection(SolutionProperties) = preSolution
		HideSolutionNode = FALSE
	EndGlobalSection
	GlobalSection(ExtensibilityGlobals) = postSolution
		SolutionGuid = {7BF0E4A9-E9D0-45E8-A8AA-FDCEE81A5DB7}
	EndGlobalSection
EndGlobal
